# THIS IS AN AUTOGENERATED FILE. DO NOT EDIT THIS FILE DIRECTLY.
# yarn lockfile v1


bootstrap@4.0.0-alpha.6:
  version "4.0.0-alpha.6"
  resolved "https://registry.yarnpkg.com/bootstrap/-/bootstrap-4.0.0-alpha.6.tgz#4f54dd33ac0deac3b28407bc2df7ec608869c9c8"
  dependencies:
    jquery ">=1.9.1"
    tether "^1.4.0"

jquery@>=1.9.1:
  version "3.2.1"
  resolved "https://registry.yarnpkg.com/jquery/-/jquery-3.2.1.tgz#5c4d9de652af6cd0a770154a631bba12b015c787"

lightgallery.js@^1.0.1:
  version "1.0.1"
  resolved "https://registry.yarnpkg.com/lightgallery.js/-/lightgallery.js-1.0.1.tgz#5107b45f8c6cee104adfe2a7db4a16ea3f4ce664"

swipebox@^1.4.6:
  version "1.4.6"
  resolved "https://registry.yarnpkg.com/swipebox/-/swipebox-1.4.6.tgz#8b879af681a9d2bdad019bc92f5f35b6db5928db"

tether@^1.4.0:
  version "1.4.2"
  resolved "https://registry.yarnpkg.com/tether/-/tether-1.4.2.tgz#ab9605b5ecf38f088b3da3d54d2b439207e48d04"
